
Microsoft Visual Studio Solution File, Format Version 12.00
# Visual Studio Version 17
VisualStudioVersion = 17.3.32825.248
MinimumVisualStudioVersion = 10.0.40219.1
Project("{FAE04EC0-301F-11D3-BF4B-00C04F79EFBC}") = "Pata_hodina (faktorialy)", "Pata_hodina (faktorialy)\Pata_hodina (faktorialy).csproj", "{DF34CCC2-9E77-4B02-80F3-3FCE1EC1FC1B}"
EndProject
Global
	GlobalSection(SolutionConfigurationPlatforms) = preSolution
		Debug|Any CPU = Debug|Any CPU
		Release|Any CPU = Release|Any CPU
	EndGlobalSection
	GlobalSection(ProjectConfigurationPlatforms) = postSolution
		{DF34CCC2-9E77-4B02-80F3-3FCE1EC1FC1B}.Debug|Any CPU.ActiveCfg = Debug|Any CPU
		{DF34CCC2-9E77-4B02-80F3-3FCE1EC1FC1B}.Debug|Any CPU.Build.0 = Debug|Any CPU
		{DF34CCC2-9E77-4B02-80F3-3FCE1EC1FC1B}.Release|Any CPU.ActiveCfg = Release|Any CPU
		{DF34CCC2-9E77-4B02-80F3-3FCE1EC1FC1B}.Release|Any CPU.Build.0 = Release|Any CPU
	EndGlobalSection
	GlobalSection(SolutionProperties) = preSolution
		HideSolutionNode = FALSE
	EndGlobalSection
	GlobalSection(ExtensibilityGlobals) = postSolution
		SolutionGuid = {709840EB-CC10-48EB-85C4-132BF515FEA4}
	EndGlobalSection
EndGlobal
